
Microsoft Visual Studio Solution File, Format Version 12.00
# Visual Studio Version 16
VisualStudioVersion = 16.0.31624.102
MinimumVisualStudioVersion = 10.0.40219.1
Project("{FAE04EC0-301F-11D3-BF4B-00C04F79EFBC}") = "Student Management Platform", "Student Management Platform.csproj", "{8AD66855-FFEF-4DC0-8C39-287C8C192DAC}"
EndProject
Global
	GlobalSection(SolutionConfigurationPlatforms) = preSolution
		Debug|Any CPU = Debug|Any CPU
		Release|Any CPU = Release|Any CPU
	EndGlobalSection
	GlobalSection(ProjectConfigurationPlatforms) = postSolution
		{8AD66855-FFEF-4DC0-8C39-287C8C192DAC}.Debug|Any CPU.ActiveCfg = Debug|Any CPU
		{8AD66855-FFEF-4DC0-8C39-287C8C192DAC}.Debug|Any CPU.Build.0 = Debug|Any CPU
		{8AD66855-FFEF-4DC0-8C39-287C8C192DAC}.Release|Any CPU.ActiveCfg = Release|Any CPU
		{8AD66855-FFEF-4DC0-8C39-287C8C192DAC}.Release|Any CPU.Build.0 = Release|Any CPU
	EndGlobalSection
	GlobalSection(SolutionProperties) = preSolution
		HideSolutionNode = FALSE
	EndGlobalSection
	GlobalSection(ExtensibilityGlobals) = postSolution
		SolutionGuid = {3F1698DA-BFD7-4827-9289-F05C99BDB05C}
	EndGlobalSection
EndGlobal
